
Microsoft Visual Studio Solution File, Format Version 12.00
# Visual Studio Version 17
VisualStudioVersion = 17.11.35327.3
MinimumVisualStudioVersion = 10.0.40219.1
Project("{FAE04EC0-301F-11D3-BF4B-00C04F79EFBC}") = "ThreadPool", "ThreadPool\ThreadPool.csproj", "{F0C01438-F4FC-40E6-8889-86038098B0E3}"
EndProject
Project("{FAE04EC0-301F-11D3-BF4B-00C04F79EFBC}") = "ThreadPoolWithCancellation", "ThreadPoolWithCancellation\ThreadPoolWithCancellation.csproj", "{30FACBF1-4290-4067-8BB4-8E6F587031F4}"
EndProject
Global
	GlobalSection(SolutionConfigurationPlatforms) = preSolution
		Debug|Any CPU = Debug|Any CPU
		Release|Any CPU = Release|Any CPU
	EndGlobalSection
	GlobalSection(ProjectConfigurationPlatforms) = postSolution
		{F0C01438-F4FC-40E6-8889-86038098B0E3}.Debug|Any CPU.ActiveCfg = Debug|Any CPU
		{F0C01438-F4FC-40E6-8889-86038098B0E3}.Debug|Any CPU.Build.0 = Debug|Any CPU
		{F0C01438-F4FC-40E6-8889-86038098B0E3}.Release|Any CPU.ActiveCfg = Release|Any CPU
		{F0C01438-F4FC-40E6-8889-86038098B0E3}.Release|Any CPU.Build.0 = Release|Any CPU
		{30FACBF1-4290-4067-8BB4-8E6F587031F4}.Debug|Any CPU.ActiveCfg = Debug|Any CPU
		{30FACBF1-4290-4067-8BB4-8E6F587031F4}.Debug|Any CPU.Build.0 = Debug|Any CPU
		{30FACBF1-4290-4067-8BB4-8E6F587031F4}.Release|Any CPU.ActiveCfg = Release|Any CPU
		{30FACBF1-4290-4067-8BB4-8E6F587031F4}.Release|Any CPU.Build.0 = Release|Any CPU
	EndGlobalSection
	GlobalSection(SolutionProperties) = preSolution
		HideSolutionNode = FALSE
	EndGlobalSection
	GlobalSection(ExtensibilityGlobals) = postSolution
		SolutionGuid = {78BD6C76-8F45-4A1E-BB4C-7067356E019A}
	EndGlobalSection
EndGlobal
